# generated by rye
# use `rye lock` or `rye sync` to update this lockfile
#
# last locked with the following flags:
#   pre: true
#   features: []
#   all-features: false
#   with-sources: false
#   generate-hashes: false
#   universal: false

-e file:.
certifi==2022.12.7
    # via requests
charset-normalizer==2.1.1
    # via requests
contourpy==1.2.1
    # via matplotlib
cycler==0.12.1
    # via matplotlib
diffusers==0.29.2
    # via dnot
filelock==3.13.1
    # via diffusers
    # via huggingface-hub
fonttools==4.53.1
    # via matplotlib
fsspec==2024.2.0
    # via huggingface-hub
h5py==3.11.0
    # via dnot
huggingface-hub==0.23.5
    # via diffusers
idna==3.4
    # via requests
importlib-metadata==8.0.0
    # via diffusers
importlib-resources==6.4.0
    # via matplotlib
joblib==1.4.2
    # via scikit-learn
kiwisolver==1.4.5
    # via matplotlib
lightning-utilities==0.11.5
    # via torchmetrics
lpips==0.1.4
    # via dnot
matplotlib==3.9.1
    # via dnot
    # via seaborn
numpy==1.26.3
    # via contourpy
    # via diffusers
    # via dnot
    # via h5py
    # via lpips
    # via matplotlib
    # via opencv-python
    # via pandas
    # via pot
    # via scikit-learn
    # via scipy
    # via seaborn
    # via tensorboardx
    # via torchmetrics
    # via torchvision
opencv-python==4.10.0.84
    # via dnot
packaging==22.0
    # via huggingface-hub
    # via lightning-utilities
    # via matplotlib
    # via tensorboardx
    # via torchmetrics
pandas==2.2.2
    # via dnot
    # via seaborn
pillow==10.2.0
    # via diffusers
    # via dnot
    # via matplotlib
    # via torchvision
pot==0.9.4
    # via dnot
protobuf==5.27.2
    # via tensorboardx
pyparsing==3.1.2
    # via matplotlib
python-dateutil==2.9.0.post0
    # via matplotlib
    # via pandas
pytz==2024.1
    # via pandas
pyyaml==6.0.1
    # via huggingface-hub
regex==2024.5.15
    # via diffusers
requests==2.28.1
    # via diffusers
    # via huggingface-hub
safetensors==0.4.3
    # via diffusers
scikit-learn==1.5.1
    # via dnot
scipy==1.13.1
    # via dnot
    # via lpips
    # via pot
    # via scikit-learn
seaborn==0.13.2
    # via dnot
setuptools==70.0.0
    # via dnot
    # via lightning-utilities
six==1.16.0
    # via dnot
    # via python-dateutil
tensorboardx==2.6.2.2
    # via dnot
threadpoolctl==3.5.0
    # via scikit-learn
torch==1.9.0+cu111
    # via dnot
    # via lpips
    # via torchmetrics
    # via torchvision
torchmetrics==1.0.3
    # via dnot
torchvision==0.10.0+cu111
    # via dnot
    # via lpips
tqdm==4.64.1
    # via dnot
    # via huggingface-hub
    # via lpips
typing-extensions==4.9.0
    # via huggingface-hub
    # via lightning-utilities
    # via torch
tzdata==2024.1
    # via pandas
urllib3==1.26.13
    # via requests
zipp==3.19.2
    # via importlib-metadata
    # via importlib-resources
